
Microsoft Visual Studio Solution File, Format Version 12.00
# Visual Studio 14
VisualStudioVersion = 14.0.25420.1
MinimumVisualStudioVersion = 10.0.40219.1
Project("{FAE04EC0-301F-11D3-BF4B-00C04F79EFBC}") = "Car Services", "Car Services\Car Services.csproj", "{29EC42A6-144C-440A-A39D-BBC377677F19}"
EndProject
Project("{FAE04EC0-301F-11D3-BF4B-00C04F79EFBC}") = "CarServiceCreateData", "CarServiceCreateData\CarServiceCreateData.csproj", "{F421037C-4A3D-4545-9E7D-71815BDA79B7}"
EndProject
Project("{FAE04EC0-301F-11D3-BF4B-00C04F79EFBC}") = "CarServicesData", "CarServicesData\CarServicesData.csproj", "{AB73A890-0D7A-4B3A-936A-5117D100075E}"
EndProject
Global
	GlobalSection(SolutionConfigurationPlatforms) = preSolution
		Debug|Any CPU = Debug|Any CPU
		Release|Any CPU = Release|Any CPU
	EndGlobalSection
	GlobalSection(ProjectConfigurationPlatforms) = postSolution
		{29EC42A6-144C-440A-A39D-BBC377677F19}.Debug|Any CPU.ActiveCfg = Debug|Any CPU
		{29EC42A6-144C-440A-A39D-BBC377677F19}.Debug|Any CPU.Build.0 = Debug|Any CPU
		{29EC42A6-144C-440A-A39D-BBC377677F19}.Release|Any CPU.ActiveCfg = Release|Any CPU
		{29EC42A6-144C-440A-A39D-BBC377677F19}.Release|Any CPU.Build.0 = Release|Any CPU
		{F421037C-4A3D-4545-9E7D-71815BDA79B7}.Debug|Any CPU.ActiveCfg = Debug|Any CPU
		{F421037C-4A3D-4545-9E7D-71815BDA79B7}.Debug|Any CPU.Build.0 = Debug|Any CPU
		{F421037C-4A3D-4545-9E7D-71815BDA79B7}.Release|Any CPU.ActiveCfg = Release|Any CPU
		{F421037C-4A3D-4545-9E7D-71815BDA79B7}.Release|Any CPU.Build.0 = Release|Any CPU
		{AB73A890-0D7A-4B3A-936A-5117D100075E}.Debug|Any CPU.ActiveCfg = Debug|Any CPU
		{AB73A890-0D7A-4B3A-936A-5117D100075E}.Debug|Any CPU.Build.0 = Debug|Any CPU
		{AB73A890-0D7A-4B3A-936A-5117D100075E}.Release|Any CPU.ActiveCfg = Release|Any CPU
		{AB73A890-0D7A-4B3A-936A-5117D100075E}.Release|Any CPU.Build.0 = Release|Any CPU
	EndGlobalSection
	GlobalSection(SolutionProperties) = preSolution
		HideSolutionNode = FALSE
	EndGlobalSection
EndGlobal
